
Microsoft Visual Studio Solution File, Format Version 12.00
# Visual Studio Version 17
VisualStudioVersion = 17.0.32014.148
MinimumVisualStudioVersion = 10.0.40219.1
Project("{FAE04EC0-301F-11D3-BF4B-00C04F79EFBC}") = "Hello_World", "Hello_World\Hello_World.csproj", "{A5D2290B-E93E-461B-A7C0-13B2EA0B395E}"
EndProject
Global
	GlobalSection(SolutionConfigurationPlatforms) = preSolution
		Debug|Any CPU = Debug|Any CPU
		Release|Any CPU = Release|Any CPU
	EndGlobalSection
	GlobalSection(ProjectConfigurationPlatforms) = postSolution
		{A5D2290B-E93E-461B-A7C0-13B2EA0B395E}.Debug|Any CPU.ActiveCfg = Debug|Any CPU
		{A5D2290B-E93E-461B-A7C0-13B2EA0B395E}.Debug|Any CPU.Build.0 = Debug|Any CPU
		{A5D2290B-E93E-461B-A7C0-13B2EA0B395E}.Release|Any CPU.ActiveCfg = Release|Any CPU
		{A5D2290B-E93E-461B-A7C0-13B2EA0B395E}.Release|Any CPU.Build.0 = Release|Any CPU
	EndGlobalSection
	GlobalSection(SolutionProperties) = preSolution
		HideSolutionNode = FALSE
	EndGlobalSection
	GlobalSection(ExtensibilityGlobals) = postSolution
		SolutionGuid = {DE83E643-A27F-4AB2-B0EE-DFF819BC44BB}
	EndGlobalSection
EndGlobal
